// !$*UTF8*$!
{
	archiveVersion = 1;
	classes = {
	};
	objectVersion = 56;
	objects = {

/* Begin PBXBuildFile section */
		180BF8DC2A6F8D7100EDE53B /* AddDayViewController.storyboard in Resources */ = {isa = PBXBuildFile; fileRef = 180BF8DB2A6F8D7100EDE53B /* AddDayViewController.storyboard */; };
		180BF8DE2A6F8D8000EDE53B /* AddDayViewController.swift in Sources */ = {isa = PBXBuildFile; fileRef = 180BF8DD2A6F8D8000EDE53B /* AddDayViewController.swift */; };
		180BF8E22A70DB4300EDE53B /* UITextFieldExtension.swift in Sources */ = {isa = PBXBuildFile; fileRef = 180BF8E12A70DB4300EDE53B /* UITextFieldExtension.swift */; };
		1819B4B92A66DAE400889FDF /* DayModel.swift in Sources */ = {isa = PBXBuildFile; fileRef = 1819B4B82A66DAE400889FDF /* DayModel.swift */; };
		1819B4BC2A66DB7C00889FDF /* ActivityModel.swift in Sources */ = {isa = PBXBuildFile; fileRef = 1819B4BB2A66DB7C00889FDF /* ActivityModel.swift */; };
		1819B4BE2A66DC1100889FDF /* ActivityTypeEnum.swift in Sources */ = {isa = PBXBuildFile; fileRef = 1819B4BD2A66DC1100889FDF /* ActivityTypeEnum.swift */; };
		1819B4C12A66DDB000889FDF /* ActivitiesViewController.swift in Sources */ = {isa = PBXBuildFile; fileRef = 1819B4C02A66DDB000889FDF /* ActivitiesViewController.swift */; };
		1819B4C52A66E2E600889FDF /* ActivitiesViewController.storyboard in Resources */ = {isa = PBXBuildFile; fileRef = 1819B4C42A66E2E600889FDF /* ActivitiesViewController.storyboard */; };
		1819B4C72A66FDDF00889FDF /* MockData.swift in Sources */ = {isa = PBXBuildFile; fileRef = 1819B4C62A66FDDF00889FDF /* MockData.swift */; };
		1819B4C92A670B6C00889FDF /* HeaderTableViewCell.swift in Sources */ = {isa = PBXBuildFile; fileRef = 1819B4C82A670B6C00889FDF /* HeaderTableViewCell.swift */; };
		1819B4CB2A6718B400889FDF /* ActivityTableViewCell.swift in Sources */ = {isa = PBXBuildFile; fileRef = 1819B4CA2A6718B400889FDF /* ActivityTableViewCell.swift */; };
		18818B8E2A63F3030017D7E2 /* FlaotingActionButton.swift in Sources */ = {isa = PBXBuildFile; fileRef = 18818B8D2A63F3030017D7E2 /* FlaotingActionButton.swift */; };
		18818B902A63FE790017D7E2 /* AddTripViewController.storyboard in Resources */ = {isa = PBXBuildFile; fileRef = 18818B8F2A63FE790017D7E2 /* AddTripViewController.storyboard */; };
		18818B932A63FF420017D7E2 /* AddTripViewController.swift in Sources */ = {isa = PBXBuildFile; fileRef = 18818B922A63FF420017D7E2 /* AddTripViewController.swift */; };
		18818B982A64091B0017D7E2 /* AppUIButton.swift in Sources */ = {isa = PBXBuildFile; fileRef = 18818B972A64091B0017D7E2 /* AppUIButton.swift */; };
		18A73EBE2A61A5CE0050D904 /* AppDelegate.swift in Sources */ = {isa = PBXBuildFile; fileRef = 18A73EBD2A61A5CE0050D904 /* AppDelegate.swift */; };
		18A73EC02A61A5CE0050D904 /* SceneDelegate.swift in Sources */ = {isa = PBXBuildFile; fileRef = 18A73EBF2A61A5CE0050D904 /* SceneDelegate.swift */; };
		18A73EC72A61A5CF0050D904 /* Assets.xcassets in Resources */ = {isa = PBXBuildFile; fileRef = 18A73EC62A61A5CF0050D904 /* Assets.xcassets */; };
		18A73ECA2A61A5CF0050D904 /* LaunchScreen.storyboard in Resources */ = {isa = PBXBuildFile; fileRef = 18A73EC82A61A5CF0050D904 /* LaunchScreen.storyboard */; };
		18BD5A1A2A62DDFF003B979B /* TripModel.swift in Sources */ = {isa = PBXBuildFile; fileRef = 18BD5A192A62DDFF003B979B /* TripModel.swift */; };
		18BD5A1C2A62DE0D003B979B /* TripFunctions.swift in Sources */ = {isa = PBXBuildFile; fileRef = 18BD5A1B2A62DE0D003B979B /* TripFunctions.swift */; };
		18BD5A1E2A62E10E003B979B /* Data.swift in Sources */ = {isa = PBXBuildFile; fileRef = 18BD5A1D2A62E10E003B979B /* Data.swift */; };
		18BD5A242A62E8B7003B979B /* TripsViewController.swift in Sources */ = {isa = PBXBuildFile; fileRef = 18BD5A232A62E8B7003B979B /* TripsViewController.swift */; };
		18BD5A262A62E8BE003B979B /* TripsViewController.storyboard in Resources */ = {isa = PBXBuildFile; fileRef = 18BD5A252A62E8BE003B979B /* TripsViewController.storyboard */; };
		18BD5A282A62FEA3003B979B /* TripsTableViewCell.swift in Sources */ = {isa = PBXBuildFile; fileRef = 18BD5A272A62FEA3003B979B /* TripsTableViewCell.swift */; };
		18BD5A2B2A630B3E003B979B /* UIViewExtension.swift in Sources */ = {isa = PBXBuildFile; fileRef = 18BD5A2A2A630B3E003B979B /* UIViewExtension.swift */; };
		18BD5A2E2A631E72003B979B /* Theme.swift in Sources */ = {isa = PBXBuildFile; fileRef = 18BD5A2D2A631E72003B979B /* Theme.swift */; };
		18BD5A312A6323A4003B979B /* FugazOne-Regular.ttf in Resources */ = {isa = PBXBuildFile; fileRef = 18BD5A2F2A631F79003B979B /* FugazOne-Regular.ttf */; };
		18BD5A332A632509003B979B /* Colors.xcassets in Resources */ = {isa = PBXBuildFile; fileRef = 18BD5A322A632509003B979B /* Colors.xcassets */; };
/* End PBXBuildFile section */

/* Begin PBXFileReference section */
		180BF8DB2A6F8D7100EDE53B /* AddDayViewController.storyboard */ = {isa = PBXFileReference; lastKnownFileType = file.storyboard; path = AddDayViewController.storyboard; sourceTree = "<group>"; };
		180BF8DD2A6F8D8000EDE53B /* AddDayViewController.swift */ = {isa = PBXFileReference; lastKnownFileType = sourcecode.swift; path = AddDayViewController.swift; sourceTree = "<group>"; };
		180BF8E12A70DB4300EDE53B /* UITextFieldExtension.swift */ = {isa = PBXFileReference; lastKnownFileType = sourcecode.swift; path = UITextFieldExtension.swift; sourceTree = "<group>"; };
		1819B4B82A66DAE400889FDF /* DayModel.swift */ = {isa = PBXFileReference; lastKnownFileType = sourcecode.swift; path = DayModel.swift; sourceTree = "<group>"; };
		1819B4BB2A66DB7C00889FDF /* ActivityModel.swift */ = {isa = PBXFileReference; lastKnownFileType = sourcecode.swift; path = ActivityModel.swift; sourceTree = "<group>"; };
		1819B4BD2A66DC1100889FDF /* ActivityTypeEnum.swift */ = {isa = PBXFileReference; lastKnownFileType = sourcecode.swift; path = ActivityTypeEnum.swift; sourceTree = "<group>"; };
		1819B4C02A66DDB000889FDF /* ActivitiesViewController.swift */ = {isa = PBXFileReference; lastKnownFileType = sourcecode.swift; path = ActivitiesViewController.swift; sourceTree = "<group>"; };
		1819B4C42A66E2E600889FDF /* ActivitiesViewController.storyboard */ = {isa = PBXFileReference; lastKnownFileType = file.storyboard; path = ActivitiesViewController.storyboard; sourceTree = "<group>"; };
		1819B4C62A66FDDF00889FDF /* MockData.swift */ = {isa = PBXFileReference; lastKnownFileType = sourcecode.swift; path = MockData.swift; sourceTree = "<group>"; };
		1819B4C82A670B6C00889FDF /* HeaderTableViewCell.swift */ = {isa = PBXFileReference; lastKnownFileType = sourcecode.swift; path = HeaderTableViewCell.swift; sourceTree = "<group>"; };
		1819B4CA2A6718B400889FDF /* ActivityTableViewCell.swift */ = {isa = PBXFileReference; lastKnownFileType = sourcecode.swift; path = ActivityTableViewCell.swift; sourceTree = "<group>"; };
		18818B8D2A63F3030017D7E2 /* FlaotingActionButton.swift */ = {isa = PBXFileReference; lastKnownFileType = sourcecode.swift; path = FlaotingActionButton.swift; sourceTree = "<group>"; };
		18818B8F2A63FE790017D7E2 /* AddTripViewController.storyboard */ = {isa = PBXFileReference; fileEncoding = 4; lastKnownFileType = file.storyboard; path = AddTripViewController.storyboard; sourceTree = "<group>"; };
		18818B922A63FF420017D7E2 /* AddTripViewController.swift */ = {isa = PBXFileReference; lastKnownFileType = sourcecode.swift; path = AddTripViewController.swift; sourceTree = "<group>"; };
		18818B972A64091B0017D7E2 /* AppUIButton.swift */ = {isa = PBXFileReference; lastKnownFileType = sourcecode.swift; path = AppUIButton.swift; sourceTree = "<group>"; };
		18A73EBA2A61A5CE0050D904 /* Tripo.app */ = {isa = PBXFileReference; explicitFileType = wrapper.application; includeInIndex = 0; path = Tripo.app; sourceTree = BUILT_PRODUCTS_DIR; };
		18A73EBD2A61A5CE0050D904 /* AppDelegate.swift */ = {isa = PBXFileReference; lastKnownFileType = sourcecode.swift; path = AppDelegate.swift; sourceTree = "<group>"; };
		18A73EBF2A61A5CE0050D904 /* SceneDelegate.swift */ = {isa = PBXFileReference; lastKnownFileType = sourcecode.swift; path = SceneDelegate.swift; sourceTree = "<group>"; };
		18A73EC62A61A5CF0050D904 /* Assets.xcassets */ = {isa = PBXFileReference; lastKnownFileType = folder.assetcatalog; path = Assets.xcassets; sourceTree = "<group>"; };
		18A73EC92A61A5CF0050D904 /* Base */ = {isa = PBXFileReference; lastKnownFileType = file.storyboard; name = Base; path = Base.lproj/LaunchScreen.storyboard; sourceTree = "<group>"; };
		18A73ECB2A61A5CF0050D904 /* Info.plist */ = {isa = PBXFileReference; lastKnownFileType = text.plist.xml; path = Info.plist; sourceTree = "<group>"; };
		18BD5A192A62DDFF003B979B /* TripModel.swift */ = {isa = PBXFileReference; lastKnownFileType = sourcecode.swift; path = TripModel.swift; sourceTree = "<group>"; };
		18BD5A1B2A62DE0D003B979B /* TripFunctions.swift */ = {isa = PBXFileReference; lastKnownFileType = sourcecode.swift; path = TripFunctions.swift; sourceTree = "<group>"; };
		18BD5A1D2A62E10E003B979B /* Data.swift */ = {isa = PBXFileReference; lastKnownFileType = sourcecode.swift; path = Data.swift; sourceTree = "<group>"; };
		18BD5A232A62E8B7003B979B /* TripsViewController.swift */ = {isa = PBXFileReference; lastKnownFileType = sourcecode.swift; path = TripsViewController.swift; sourceTree = "<group>"; };
		18BD5A252A62E8BE003B979B /* TripsViewController.storyboard */ = {isa = PBXFileReference; lastKnownFileType = file.storyboard; path = TripsViewController.storyboard; sourceTree = "<group>"; };
		18BD5A272A62FEA3003B979B /* TripsTableViewCell.swift */ = {isa = PBXFileReference; lastKnownFileType = sourcecode.swift; path = TripsTableViewCell.swift; sourceTree = "<group>"; };
		18BD5A2A2A630B3E003B979B /* UIViewExtension.swift */ = {isa = PBXFileReference; lastKnownFileType = sourcecode.swift; path = UIViewExtension.swift; sourceTree = "<group>"; };
		18BD5A2D2A631E72003B979B /* Theme.swift */ = {isa = PBXFileReference; lastKnownFileType = sourcecode.swift; path = Theme.swift; sourceTree = "<group>"; };
		18BD5A2F2A631F79003B979B /* FugazOne-Regular.ttf */ = {isa = PBXFileReference; lastKnownFileType = file; path = "FugazOne-Regular.ttf"; sourceTree = "<group>"; };
		18BD5A322A632509003B979B /* Colors.xcassets */ = {isa = PBXFileReference; lastKnownFileType = folder.assetcatalog; path = Colors.xcassets; sourceTree = "<group>"; };
/* End PBXFileReference section */

/* Begin PBXFrameworksBuildPhase section */
		18A73EB72A61A5CE0050D904 /* Frameworks */ = {
			isa = PBXFrameworksBuildPhase;
			buildActionMask = 2147483647;
			files = (
			);
			runOnlyForDeploymentPostprocessing = 0;
		};
/* End PBXFrameworksBuildPhase section */

/* Begin PBXGroup section */
		180BF8DA2A6F8D0C00EDE53B /* AddDayViewController */ = {
			isa = PBXGroup;
			children = (
				180BF8DB2A6F8D7100EDE53B /* AddDayViewController.storyboard */,
				180BF8DD2A6F8D8000EDE53B /* AddDayViewController.swift */,
			);
			path = AddDayViewController;
			sourceTree = "<group>";
		};
		1819B4B72A66DACD00889FDF /* Day */ = {
			isa = PBXGroup;
			children = (
				1819B4B82A66DAE400889FDF /* DayModel.swift */,
			);
			path = Day;
			sourceTree = "<group>";
		};
		1819B4BA2A66DB6E00889FDF /* Activity */ = {
			isa = PBXGroup;
			children = (
				1819B4BB2A66DB7C00889FDF /* ActivityModel.swift */,
				1819B4BD2A66DC1100889FDF /* ActivityTypeEnum.swift */,
			);
			path = Activity;
			sourceTree = "<group>";
		};
		1819B4BF2A66DD7100889FDF /* ActivitiesViewController */ = {
			isa = PBXGroup;
			children = (
				1819B4C42A66E2E600889FDF /* ActivitiesViewController.storyboard */,
				1819B4C02A66DDB000889FDF /* ActivitiesViewController.swift */,
				1819B4C82A670B6C00889FDF /* HeaderTableViewCell.swift */,
				1819B4CA2A6718B400889FDF /* ActivityTableViewCell.swift */,
			);
			path = ActivitiesViewController;
			sourceTree = "<group>";
		};
		18818B912A63FEFA0017D7E2 /* AddTripViewController */ = {
			isa = PBXGroup;
			children = (
				18818B8F2A63FE790017D7E2 /* AddTripViewController.storyboard */,
				18818B922A63FF420017D7E2 /* AddTripViewController.swift */,
			);
			path = AddTripViewController;
			sourceTree = "<group>";
		};
		18A73EB12A61A5CE0050D904 = {
			isa = PBXGroup;
			children = (
				18A73EBC2A61A5CE0050D904 /* Tripo */,
				18A73EBB2A61A5CE0050D904 /* Products */,
			);
			sourceTree = "<group>";
		};
		18A73EBB2A61A5CE0050D904 /* Products */ = {
			isa = PBXGroup;
			children = (
				18A73EBA2A61A5CE0050D904 /* Tripo.app */,
			);
			name = Products;
			sourceTree = "<group>";
		};
		18A73EBC2A61A5CE0050D904 /* Tripo */ = {
			isa = PBXGroup;
			children = (
				18BD5A2C2A631E5E003B979B /* Resources */,
				18BD5A1F2A62E6D3003B979B /* Views */,
				18BD5A172A62DDCD003B979B /* Model */,
				18A73EBD2A61A5CE0050D904 /* AppDelegate.swift */,
				18A73EBF2A61A5CE0050D904 /* SceneDelegate.swift */,
				18A73EC62A61A5CF0050D904 /* Assets.xcassets */,
				18A73EC82A61A5CF0050D904 /* LaunchScreen.storyboard */,
				18A73ECB2A61A5CF0050D904 /* Info.plist */,
			);
			path = Tripo;
			sourceTree = "<group>";
		};
		18BD5A172A62DDCD003B979B /* Model */ = {
			isa = PBXGroup;
			children = (
				1819B4C62A66FDDF00889FDF /* MockData.swift */,
				18BD5A1D2A62E10E003B979B /* Data.swift */,
				18BD5A182A62DDEE003B979B /* Trip */,
				1819B4B72A66DACD00889FDF /* Day */,
				1819B4BA2A66DB6E00889FDF /* Activity */,
			);
			path = Model;
			sourceTree = "<group>";
		};
		18BD5A182A62DDEE003B979B /* Trip */ = {
			isa = PBXGroup;
			children = (
				18BD5A192A62DDFF003B979B /* TripModel.swift */,
				18BD5A1B2A62DE0D003B979B /* TripFunctions.swift */,
			);
			path = Trip;
			sourceTree = "<group>";
		};
		18BD5A1F2A62E6D3003B979B /* Views */ = {
			isa = PBXGroup;
			children = (
				180BF8DA2A6F8D0C00EDE53B /* AddDayViewController */,
				1819B4BF2A66DD7100889FDF /* ActivitiesViewController */,
				18818B912A63FEFA0017D7E2 /* AddTripViewController */,
				18BD5A202A62E6E3003B979B /* TripsViewController */,
			);
			path = Views;
			sourceTree = "<group>";
		};
		18BD5A202A62E6E3003B979B /* TripsViewController */ = {
			isa = PBXGroup;
			children = (
				18BD5A252A62E8BE003B979B /* TripsViewController.storyboard */,
				18BD5A232A62E8B7003B979B /* TripsViewController.swift */,
				18BD5A272A62FEA3003B979B /* TripsTableViewCell.swift */,
			);
			path = TripsViewController;
			sourceTree = "<group>";
		};
		18BD5A292A630AFD003B979B /* Extensions */ = {
			isa = PBXGroup;
			children = (
				18BD5A2A2A630B3E003B979B /* UIViewExtension.swift */,
				18818B8D2A63F3030017D7E2 /* FlaotingActionButton.swift */,
				18818B972A64091B0017D7E2 /* AppUIButton.swift */,
				180BF8E12A70DB4300EDE53B /* UITextFieldExtension.swift */,
			);
			path = Extensions;
			sourceTree = "<group>";
		};
		18BD5A2C2A631E5E003B979B /* Resources */ = {
			isa = PBXGroup;
			children = (
				18BD5A292A630AFD003B979B /* Extensions */,
				18BD5A2F2A631F79003B979B /* FugazOne-Regular.ttf */,
				18BD5A2D2A631E72003B979B /* Theme.swift */,
				18BD5A322A632509003B979B /* Colors.xcassets */,
			);
			path = Resources;
			sourceTree = "<group>";
		};
/* End PBXGroup section */

/* Begin PBXNativeTarget section */
		18A73EB92A61A5CE0050D904 /* Tripo */ = {
			isa = PBXNativeTarget;
			buildConfigurationList = 18A73ECE2A61A5CF0050D904 /* Build configuration list for PBXNativeTarget "Tripo" */;
			buildPhases = (
				18A73EB62A61A5CE0050D904 /* Sources */,
				18A73EB72A61A5CE0050D904 /* Frameworks */,
				18A73EB82A61A5CE0050D904 /* Resources */,
			);
			buildRules = (
			);
			dependencies = (
			);
			name = Tripo;
			productName = Tripo;
			productReference = 18A73EBA2A61A5CE0050D904 /* Tripo.app */;
			productType = "com.apple.product-type.application";
		};
/* End PBXNativeTarget section */

/* Begin PBXProject section */
		18A73EB22A61A5CE0050D904 /* Project object */ = {
			isa = PBXProject;
			attributes = {
				BuildIndependentTargetsInParallel = 1;
				LastSwiftUpdateCheck = 1430;
				LastUpgradeCheck = 1430;
				TargetAttributes = {
					18A73EB92A61A5CE0050D904 = {
						CreatedOnToolsVersion = 14.3.1;
					};
				};
			};
			buildConfigurationList = 18A73EB52A61A5CE0050D904 /* Build configuration list for PBXProject "Tripo" */;
			compatibilityVersion = "Xcode 14.0";
			developmentRegion = en;
			hasScannedForEncodings = 0;
			knownRegions = (
				en,
				Base,
			);
			mainGroup = 18A73EB12A61A5CE0050D904;
			productRefGroup = 18A73EBB2A61A5CE0050D904 /* Products */;
			projectDirPath = "";
			projectRoot = "";
			targets = (
				18A73EB92A61A5CE0050D904 /* Tripo */,
			);
		};
/* End PBXProject section */

/* Begin PBXResourcesBuildPhase section */
		18A73EB82A61A5CE0050D904 /* Resources */ = {
			isa = PBXResourcesBuildPhase;
			buildActionMask = 2147483647;
			files = (
				18818B902A63FE790017D7E2 /* AddTripViewController.storyboard in Resources */,
				18BD5A332A632509003B979B /* Colors.xcassets in Resources */,
				18A73ECA2A61A5CF0050D904 /* LaunchScreen.storyboard in Resources */,
				1819B4C52A66E2E600889FDF /* ActivitiesViewController.storyboard in Resources */,
				180BF8DC2A6F8D7100EDE53B /* AddDayViewController.storyboard in Resources */,
				18BD5A262A62E8BE003B979B /* TripsViewController.storyboard in Resources */,
				18BD5A312A6323A4003B979B /* FugazOne-Regular.ttf in Resources */,
				18A73EC72A61A5CF0050D904 /* Assets.xcassets in Resources */,
			);
			runOnlyForDeploymentPostprocessing = 0;
		};
/* End PBXResourcesBuildPhase section */

/* Begin PBXSourcesBuildPhase section */
		18A73EB62A61A5CE0050D904 /* Sources */ = {
			isa = PBXSourcesBuildPhase;
			buildActionMask = 2147483647;
			files = (
				18BD5A2E2A631E72003B979B /* Theme.swift in Sources */,
				18BD5A1E2A62E10E003B979B /* Data.swift in Sources */,
				18BD5A1C2A62DE0D003B979B /* TripFunctions.swift in Sources */,
				1819B4C72A66FDDF00889FDF /* MockData.swift in Sources */,
				18818B982A64091B0017D7E2 /* AppUIButton.swift in Sources */,
				18A73EBE2A61A5CE0050D904 /* AppDelegate.swift in Sources */,
				18BD5A242A62E8B7003B979B /* TripsViewController.swift in Sources */,
				18BD5A1A2A62DDFF003B979B /* TripModel.swift in Sources */,
				18BD5A282A62FEA3003B979B /* TripsTableViewCell.swift in Sources */,
				18818B932A63FF420017D7E2 /* AddTripViewController.swift in Sources */,
				1819B4C92A670B6C00889FDF /* HeaderTableViewCell.swift in Sources */,
				1819B4B92A66DAE400889FDF /* DayModel.swift in Sources */,
				1819B4BE2A66DC1100889FDF /* ActivityTypeEnum.swift in Sources */,
				18818B8E2A63F3030017D7E2 /* FlaotingActionButton.swift in Sources */,
				18BD5A2B2A630B3E003B979B /* UIViewExtension.swift in Sources */,
				1819B4C12A66DDB000889FDF /* ActivitiesViewController.swift in Sources */,
				180BF8E22A70DB4300EDE53B /* UITextFieldExtension.swift in Sources */,
				1819B4CB2A6718B400889FDF /* ActivityTableViewCell.swift in Sources */,
				1819B4BC2A66DB7C00889FDF /* ActivityModel.swift in Sources */,
				18A73EC02A61A5CE0050D904 /* SceneDelegate.swift in Sources */,
				180BF8DE2A6F8D8000EDE53B /* AddDayViewController.swift in Sources */,
			);
			runOnlyForDeploymentPostprocessing = 0;
		};
/* End PBXSourcesBuildPhase section */

/* Begin PBXVariantGroup section */
		18A73EC82A61A5CF0050D904 /* LaunchScreen.storyboard */ = {
			isa = PBXVariantGroup;
			children = (
				18A73EC92A61A5CF0050D904 /* Base */,
			);
			name = LaunchScreen.storyboard;
			sourceTree = "<group>";
		};
/* End PBXVariantGroup section */

/* Begin XCBuildConfiguration section */
		18A73ECC2A61A5CF0050D904 /* Debug */ = {
			isa = XCBuildConfiguration;
			buildSettings = {
				ALWAYS_SEARCH_USER_PATHS = NO;
				CLANG_ANALYZER_NONNULL = YES;
				CLANG_ANALYZER_NUMBER_OBJECT_CONVERSION = YES_AGGRESSIVE;
				CLANG_CXX_LANGUAGE_STANDARD = "gnu++20";
				CLANG_ENABLE_MODULES = YES;
				CLANG_ENABLE_OBJC_ARC = YES;
				CLANG_ENABLE_OBJC_WEAK = YES;
				CLANG_WARN_BLOCK_CAPTURE_AUTORELEASING = YES;
				CLANG_WARN_BOOL_CONVERSION = YES;
				CLANG_WARN_COMMA = YES;
				CLANG_WARN_CONSTANT_CONVERSION = YES;
				CLANG_WARN_DEPRECATED_OBJC_IMPLEMENTATIONS = YES;
				CLANG_WARN_DIRECT_OBJC_ISA_USAGE = YES_ERROR;
				CLANG_WARN_DOCUMENTATION_COMMENTS = YES;
				CLANG_WARN_EMPTY_BODY = YES;
				CLANG_WARN_ENUM_CONVERSION = YES;
				CLANG_WARN_INFINITE_RECURSION = YES;
				CLANG_WARN_INT_CONVERSION = YES;
				CLANG_WARN_NON_LITERAL_NULL_CONVERSION = YES;
				CLANG_WARN_OBJC_IMPLICIT_RETAIN_SELF = YES;
				CLANG_WARN_OBJC_LITERAL_CONVERSION = YES;
				CLANG_WARN_OBJC_ROOT_CLASS = YES_ERROR;
				CLANG_WARN_QUOTED_INCLUDE_IN_FRAMEWORK_HEADER = YES;
				CLANG_WARN_RANGE_LOOP_ANALYSIS = YES;
				CLANG_WARN_STRICT_PROTOTYPES = YES;
				CLANG_WARN_SUSPICIOUS_MOVE = YES;
				CLANG_WARN_UNGUARDED_AVAILABILITY = YES_AGGRESSIVE;
				CLANG_WARN_UNREACHABLE_CODE = YES;
				CLANG_WARN__DUPLICATE_METHOD_MATCH = YES;
				COPY_PHASE_STRIP = NO;
				DEBUG_INFORMATION_FORMAT = dwarf;
				ENABLE_STRICT_OBJC_MSGSEND = YES;
				ENABLE_TESTABILITY = YES;
				GCC_C_LANGUAGE_STANDARD = gnu11;
				GCC_DYNAMIC_NO_PIC = NO;
				GCC_NO_COMMON_BLOCKS = YES;
				GCC_OPTIMIZATION_LEVEL = 0;
				GCC_PREPROCESSOR_DEFINITIONS = (
					"DEBUG=1",
					"$(inherited)",
				);
				GCC_WARN_64_TO_32_BIT_CONVERSION = YES;
				GCC_WARN_ABOUT_RETURN_TYPE = YES_ERROR;
				GCC_WARN_UNDECLARED_SELECTOR = YES;
				GCC_WARN_UNINITIALIZED_AUTOS = YES_AGGRESSIVE;
				GCC_WARN_UNUSED_FUNCTION = YES;
				GCC_WARN_UNUSED_VARIABLE = YES;
				IPHONEOS_DEPLOYMENT_TARGET = 16.4;
				MTL_ENABLE_DEBUG_INFO = INCLUDE_SOURCE;
				MTL_FAST_MATH = YES;
				ONLY_ACTIVE_ARCH = YES;
				SDKROOT = iphoneos;
				SWIFT_ACTIVE_COMPILATION_CONDITIONS = DEBUG;
				SWIFT_OPTIMIZATION_LEVEL = "-Onone";
			};
			name = Debug;
		};
		18A73ECD2A61A5CF0050D904 /* Release */ = {
			isa = XCBuildConfiguration;
			buildSettings = {
				ALWAYS_SEARCH_USER_PATHS = NO;
				CLANG_ANALYZER_NONNULL = YES;
				CLANG_ANALYZER_NUMBER_OBJECT_CONVERSION = YES_AGGRESSIVE;
				CLANG_CXX_LANGUAGE_STANDARD = "gnu++20";
				CLANG_ENABLE_MODULES = YES;
				CLANG_ENABLE_OBJC_ARC = YES;
				CLANG_ENABLE_OBJC_WEAK = YES;
				CLANG_WARN_BLOCK_CAPTURE_AUTORELEASING = YES;
				CLANG_WARN_BOOL_CONVERSION = YES;
				CLANG_WARN_COMMA = YES;
				CLANG_WARN_CONSTANT_CONVERSION = YES;
				CLANG_WARN_DEPRECATED_OBJC_IMPLEMENTATIONS = YES;
				CLANG_WARN_DIRECT_OBJC_ISA_USAGE = YES_ERROR;
				CLANG_WARN_DOCUMENTATION_COMMENTS = YES;
				CLANG_WARN_EMPTY_BODY = YES;
				CLANG_WARN_ENUM_CONVERSION = YES;
				CLANG_WARN_INFINITE_RECURSION = YES;
				CLANG_WARN_INT_CONVERSION = YES;
				CLANG_WARN_NON_LITERAL_NULL_CONVERSION = YES;
				CLANG_WARN_OBJC_IMPLICIT_RETAIN_SELF = YES;
				CLANG_WARN_OBJC_LITERAL_CONVERSION = YES;
				CLANG_WARN_OBJC_ROOT_CLASS = YES_ERROR;
				CLANG_WARN_QUOTED_INCLUDE_IN_FRAMEWORK_HEADER = YES;
				CLANG_WARN_RANGE_LOOP_ANALYSIS = YES;
				CLANG_WARN_STRICT_PROTOTYPES = YES;
				CLANG_WARN_SUSPICIOUS_MOVE = YES;
				CLANG_WARN_UNGUARDED_AVAILABILITY = YES_AGGRESSIVE;
				CLANG_WARN_UNREACHABLE_CODE = YES;
				CLANG_WARN__DUPLICATE_METHOD_MATCH = YES;
				COPY_PHASE_STRIP = NO;
				DEBUG_INFORMATION_FORMAT = "dwarf-with-dsym";
				ENABLE_NS_ASSERTIONS = NO;
				ENABLE_STRICT_OBJC_MSGSEND = YES;
				GCC_C_LANGUAGE_STANDARD = gnu11;
				GCC_NO_COMMON_BLOCKS = YES;
				GCC_WARN_64_TO_32_BIT_CONVERSION = YES;
				GCC_WARN_ABOUT_RETURN_TYPE = YES_ERROR;
				GCC_WARN_UNDECLARED_SELECTOR = YES;
				GCC_WARN_UNINITIALIZED_AUTOS = YES_AGGRESSIVE;
				GCC_WARN_UNUSED_FUNCTION = YES;
				GCC_WARN_UNUSED_VARIABLE = YES;
				IPHONEOS_DEPLOYMENT_TARGET = 16.4;
				MTL_ENABLE_DEBUG_INFO = NO;
				MTL_FAST_MATH = YES;
				SDKROOT = iphoneos;
				SWIFT_COMPILATION_MODE = wholemodule;
				SWIFT_OPTIMIZATION_LEVEL = "-O";
				VALIDATE_PRODUCT = YES;
			};
			name = Release;
		};
		18A73ECF2A61A5CF0050D904 /* Debug */ = {
			isa = XCBuildConfiguration;
			buildSettings = {
				ASSETCATALOG_COMPILER_APPICON_NAME = AppIcon;
				ASSETCATALOG_COMPILER_GLOBAL_ACCENT_COLOR_NAME = AccentColor;
				CODE_SIGN_STYLE = Automatic;
				CURRENT_PROJECT_VERSION = 1;
				DEVELOPMENT_TEAM = 8GQ8C48ZJT;
				GENERATE_INFOPLIST_FILE = YES;
				INFOPLIST_FILE = Tripo/Info.plist;
				INFOPLIST_KEY_UIApplicationSupportsIndirectInputEvents = YES;
				INFOPLIST_KEY_UILaunchStoryboardName = LaunchScreen;
				INFOPLIST_KEY_UIMainStoryboardFile = TripsViewController;
				INFOPLIST_KEY_UISupportedInterfaceOrientations_iPad = "UIInterfaceOrientationPortrait UIInterfaceOrientationPortraitUpsideDown UIInterfaceOrientationLandscapeLeft UIInterfaceOrientationLandscapeRight";
				INFOPLIST_KEY_UISupportedInterfaceOrientations_iPhone = "UIInterfaceOrientationPortrait UIInterfaceOrientationLandscapeLeft UIInterfaceOrientationLandscapeRight";
				LD_RUNPATH_SEARCH_PATHS = (
					"$(inherited)",
					"@executable_path/Frameworks",
				);
				MARKETING_VERSION = 1.0;
				PRODUCT_BUNDLE_IDENTIFIER = com.amgadElnezamy.Tripo;
				PRODUCT_NAME = "$(TARGET_NAME)";
				SWIFT_EMIT_LOC_STRINGS = YES;
				SWIFT_VERSION = 5.0;
				TARGETED_DEVICE_FAMILY = "1,2";
			};
			name = Debug;
		};
		18A73ED02A61A5CF0050D904 /* Release */ = {
			isa = XCBuildConfiguration;
			buildSettings = {
				ASSETCATALOG_COMPILER_APPICON_NAME = AppIcon;
				ASSETCATALOG_COMPILER_GLOBAL_ACCENT_COLOR_NAME = AccentColor;
				CODE_SIGN_STYLE = Automatic;
				CURRENT_PROJECT_VERSION = 1;
				DEVELOPMENT_TEAM = 8GQ8C48ZJT;
				GENERATE_INFOPLIST_FILE = YES;
				INFOPLIST_FILE = Tripo/Info.plist;
				INFOPLIST_KEY_UIApplicationSupportsIndirectInputEvents = YES;
				INFOPLIST_KEY_UILaunchStoryboardName = LaunchScreen;
				INFOPLIST_KEY_UIMainStoryboardFile = TripsViewController;
				INFOPLIST_KEY_UISupportedInterfaceOrientations_iPad = "UIInterfaceOrientationPortrait UIInterfaceOrientationPortraitUpsideDown UIInterfaceOrientationLandscapeLeft UIInterfaceOrientationLandscapeRight";
				INFOPLIST_KEY_UISupportedInterfaceOrientations_iPhone = "UIInterfaceOrientationPortrait UIInterfaceOrientationLandscapeLeft UIInterfaceOrientationLandscapeRight";
				LD_RUNPATH_SEARCH_PATHS = (
					"$(inherited)",
					"@executable_path/Frameworks",
				);
				MARKETING_VERSION = 1.0;
				PRODUCT_BUNDLE_IDENTIFIER = com.amgadElnezamy.Tripo;
				PRODUCT_NAME = "$(TARGET_NAME)";
				SWIFT_EMIT_LOC_STRINGS = YES;
				SWIFT_VERSION = 5.0;
				TARGETED_DEVICE_FAMILY = "1,2";
			};
			name = Release;
		};
/* End XCBuildConfiguration section */

/* Begin XCConfigurationList section */
		18A73EB52A61A5CE0050D904 /* Build configuration list for PBXProject "Tripo" */ = {
			isa = XCConfigurationList;
			buildConfigurations = (
				18A73ECC2A61A5CF0050D904 /* Debug */,
				18A73ECD2A61A5CF0050D904 /* Release */,
			);
			defaultConfigurationIsVisible = 0;
			defaultConfigurationName = Release;
		};
		18A73ECE2A61A5CF0050D904 /* Build configuration list for PBXNativeTarget "Tripo" */ = {
			isa = XCConfigurationList;
			buildConfigurations = (
				18A73ECF2A61A5CF0050D904 /* Debug */,
				18A73ED02A61A5CF0050D904 /* Release */,
			);
			defaultConfigurationIsVisible = 0;
			defaultConfigurationName = Release;
		};
/* End XCConfigurationList section */
	};
	rootObject = 18A73EB22A61A5CE0050D904 /* Project object */;
}
